{
  "requires": true,
  "lockfileVersion": 1,
  "dependencies": {
    "rater-js": {
      "version": "1.0.0",
      "resolved": "https://registry.npmjs.org/rater-js/-/rater-js-1.0.0.tgz",
      "integrity": "sha512-krg5+diw34YBsPKZWTIy4pUCnMydm1MK/uEAc8a1e6au34VffY9lEEa+ryAZiMp9gHe5kIt2Al8RJJs5WoeUfw=="
    }
  }
}
